// !$*UTF8*$!
{
	archiveVersion = 1;
	classes = {
	};
	objectVersion = 56;
	objects = {

/* Begin PBXBuildFile section */
		1832FBFB2D83039100F4EB6D /* DataAppApp.swift in Sources */ = {isa = PBXBuildFile; fileRef = 1832FBFA2D83039100F4EB6D /* DataAppApp.swift */; };
		1832FBFD2D83039100F4EB6D /* ContentView.swift in Sources */ = {isa = PBXBuildFile; fileRef = 1832FBFC2D83039100F4EB6D /* ContentView.swift */; };
		1832FBFF2D83039300F4EB6D /* Assets.xcassets in Resources */ = {isa = PBXBuildFile; fileRef = 1832FBFE2D83039300F4EB6D /* Assets.xcassets */; };
		1832FC022D83039300F4EB6D /* Preview Assets.xcassets in Resources */ = {isa = PBXBuildFile; fileRef = 1832FC012D83039300F4EB6D /* Preview Assets.xcassets */; };
		1832FC0C2D83039300F4EB6D /* DataAppTests.swift in Sources */ = {isa = PBXBuildFile; fileRef = 1832FC0B2D83039300F4EB6D /* DataAppTests.swift */; };
		1832FC162D83039300F4EB6D /* DataAppUITests.swift in Sources */ = {isa = PBXBuildFile; fileRef = 1832FC152D83039300F4EB6D /* DataAppUITests.swift */; };
		1832FC182D83039300F4EB6D /* DataAppUITestsLaunchTests.swift in Sources */ = {isa = PBXBuildFile; fileRef = 1832FC172D83039300F4EB6D /* DataAppUITestsLaunchTests.swift */; };
		1832FC262D8303CE00F4EB6D /* MyData.xcdatamodeld in Sources */ = {isa = PBXBuildFile; fileRef = 1832FC242D8303CE00F4EB6D /* MyData.xcdatamodeld */; };
		1832FC282D8305CE00F4EB6D /* DataController.swift in Sources */ = {isa = PBXBuildFile; fileRef = 1832FC272D8305CE00F4EB6D /* DataController.swift */; };
/* End PBXBuildFile section */

/* Begin PBXContainerItemProxy section */
		1832FC082D83039300F4EB6D /* PBXContainerItemProxy */ = {
			isa = PBXContainerItemProxy;
			containerPortal = 1832FBEF2D83039100F4EB6D /* Project object */;
			proxyType = 1;
			remoteGlobalIDString = 1832FBF62D83039100F4EB6D;
			remoteInfo = DataApp;
		};
		1832FC122D83039300F4EB6D /* PBXContainerItemProxy */ = {
			isa = PBXContainerItemProxy;
			containerPortal = 1832FBEF2D83039100F4EB6D /* Project object */;
			proxyType = 1;
			remoteGlobalIDString = 1832FBF62D83039100F4EB6D;
			remoteInfo = DataApp;
		};
/* End PBXContainerItemProxy section */

/* Begin PBXFileReference section */
		1832FBF72D83039100F4EB6D /* DataApp.app */ = {isa = PBXFileReference; explicitFileType = wrapper.application; includeInIndex = 0; path = DataApp.app; sourceTree = BUILT_PRODUCTS_DIR; };
		1832FBFA2D83039100F4EB6D /* DataAppApp.swift */ = {isa = PBXFileReference; lastKnownFileType = sourcecode.swift; path = DataAppApp.swift; sourceTree = "<group>"; };
		1832FBFC2D83039100F4EB6D /* ContentView.swift */ = {isa = PBXFileReference; lastKnownFileType = sourcecode.swift; path = ContentView.swift; sourceTree = "<group>"; };
		1832FBFE2D83039300F4EB6D /* Assets.xcassets */ = {isa = PBXFileReference; lastKnownFileType = folder.assetcatalog; path = Assets.xcassets; sourceTree = "<group>"; };
		1832FC012D83039300F4EB6D /* Preview Assets.xcassets */ = {isa = PBXFileReference; lastKnownFileType = folder.assetcatalog; path = "Preview Assets.xcassets"; sourceTree = "<group>"; };
		1832FC072D83039300F4EB6D /* DataAppTests.xctest */ = {isa = PBXFileReference; explicitFileType = wrapper.cfbundle; includeInIndex = 0; path = DataAppTests.xctest; sourceTree = BUILT_PRODUCTS_DIR; };
		1832FC0B2D83039300F4EB6D /* DataAppTests.swift */ = {isa = PBXFileReference; lastKnownFileType = sourcecode.swift; path = DataAppTests.swift; sourceTree = "<group>"; };
		1832FC112D83039300F4EB6D /* DataAppUITests.xctest */ = {isa = PBXFileReference; explicitFileType = wrapper.cfbundle; includeInIndex = 0; path = DataAppUITests.xctest; sourceTree = BUILT_PRODUCTS_DIR; };
		1832FC152D83039300F4EB6D /* DataAppUITests.swift */ = {isa = PBXFileReference; lastKnownFileType = sourcecode.swift; path = DataAppUITests.swift; sourceTree = "<group>"; };
		1832FC172D83039300F4EB6D /* DataAppUITestsLaunchTests.swift */ = {isa = PBXFileReference; lastKnownFileType = sourcecode.swift; path = DataAppUITestsLaunchTests.swift; sourceTree = "<group>"; };
		1832FC252D8303CE00F4EB6D /* MyData.xcdatamodel */ = {isa = PBXFileReference; lastKnownFileType = wrapper.xcdatamodel; path = MyData.xcdatamodel; sourceTree = "<group>"; };
		1832FC272D8305CE00F4EB6D /* DataController.swift */ = {isa = PBXFileReference; lastKnownFileType = sourcecode.swift; path = DataController.swift; sourceTree = "<group>"; };
/* End PBXFileReference section */

/* Begin PBXFrameworksBuildPhase section */
		1832FBF42D83039100F4EB6D /* Frameworks */ = {
			isa = PBXFrameworksBuildPhase;
			buildActionMask = 2147483647;
			files = (
			);
			runOnlyForDeploymentPostprocessing = 0;
		};
		1832FC042D83039300F4EB6D /* Frameworks */ = {
			isa = PBXFrameworksBuildPhase;
			buildActionMask = 2147483647;
			files = (
			);
			runOnlyForDeploymentPostprocessing = 0;
		};
		1832FC0E2D83039300F4EB6D /* Frameworks */ = {
			isa = PBXFrameworksBuildPhase;
			buildActionMask = 2147483647;
			files = (
			);
			runOnlyForDeploymentPostprocessing = 0;
		};
/* End PBXFrameworksBuildPhase section */

/* Begin PBXGroup section */
		1832FBEE2D83039100F4EB6D = {
			isa = PBXGroup;
			children = (
				1832FBF92D83039100F4EB6D /* DataApp */,
				1832FC0A2D83039300F4EB6D /* DataAppTests */,
				1832FC142D83039300F4EB6D /* DataAppUITests */,
				1832FBF82D83039100F4EB6D /* Products */,
			);
			sourceTree = "<group>";
		};
		1832FBF82D83039100F4EB6D /* Products */ = {
			isa = PBXGroup;
			children = (
				1832FBF72D83039100F4EB6D /* DataApp.app */,
				1832FC072D83039300F4EB6D /* DataAppTests.xctest */,
				1832FC112D83039300F4EB6D /* DataAppUITests.xctest */,
			);
			name = Products;
			sourceTree = "<group>";
		};
		1832FBF92D83039100F4EB6D /* DataApp */ = {
			isa = PBXGroup;
			children = (
				1832FBFA2D83039100F4EB6D /* DataAppApp.swift */,
				1832FBFC2D83039100F4EB6D /* ContentView.swift */,
				1832FC242D8303CE00F4EB6D /* MyData.xcdatamodeld */,
				1832FC272D8305CE00F4EB6D /* DataController.swift */,
				1832FBFE2D83039300F4EB6D /* Assets.xcassets */,
				1832FC002D83039300F4EB6D /* Preview Content */,
			);
			path = DataApp;
			sourceTree = "<group>";
		};
		1832FC002D83039300F4EB6D /* Preview Content */ = {
			isa = PBXGroup;
			children = (
				1832FC012D83039300F4EB6D /* Preview Assets.xcassets */,
			);
			path = "Preview Content";
			sourceTree = "<group>";
		};
		1832FC0A2D83039300F4EB6D /* DataAppTests */ = {
			isa = PBXGroup;
			children = (
				1832FC0B2D83039300F4EB6D /* DataAppTests.swift */,
			);
			path = DataAppTests;
			sourceTree = "<group>";
		};
		1832FC142D83039300F4EB6D /* DataAppUITests */ = {
			isa = PBXGroup;
			children = (
				1832FC152D83039300F4EB6D /* DataAppUITests.swift */,
				1832FC172D83039300F4EB6D /* DataAppUITestsLaunchTests.swift */,
			);
			path = DataAppUITests;
			sourceTree = "<group>";
		};
/* End PBXGroup section */

/* Begin PBXNativeTarget section */
		1832FBF62D83039100F4EB6D /* DataApp */ = {
			isa = PBXNativeTarget;
			buildConfigurationList = 1832FC1B2D83039300F4EB6D /* Build configuration list for PBXNativeTarget "DataApp" */;
			buildPhases = (
				1832FBF32D83039100F4EB6D /* Sources */,
				1832FBF42D83039100F4EB6D /* Frameworks */,
				1832FBF52D83039100F4EB6D /* Resources */,
			);
			buildRules = (
			);
			dependencies = (
			);
			name = DataApp;
			productName = DataApp;
			productReference = 1832FBF72D83039100F4EB6D /* DataApp.app */;
			productType = "com.apple.product-type.application";
		};
		1832FC062D83039300F4EB6D /* DataAppTests */ = {
			isa = PBXNativeTarget;
			buildConfigurationList = 1832FC1E2D83039300F4EB6D /* Build configuration list for PBXNativeTarget "DataAppTests" */;
			buildPhases = (
				1832FC032D83039300F4EB6D /* Sources */,
				1832FC042D83039300F4EB6D /* Frameworks */,
				1832FC052D83039300F4EB6D /* Resources */,
			);
			buildRules = (
			);
			dependencies = (
				1832FC092D83039300F4EB6D /* PBXTargetDependency */,
			);
			name = DataAppTests;
			productName = DataAppTests;
			productReference = 1832FC072D83039300F4EB6D /* DataAppTests.xctest */;
			productType = "com.apple.product-type.bundle.unit-test";
		};
		1832FC102D83039300F4EB6D /* DataAppUITests */ = {
			isa = PBXNativeTarget;
			buildConfigurationList = 1832FC212D83039300F4EB6D /* Build configuration list for PBXNativeTarget "DataAppUITests" */;
			buildPhases = (
				1832FC0D2D83039300F4EB6D /* Sources */,
				1832FC0E2D83039300F4EB6D /* Frameworks */,
				1832FC0F2D83039300F4EB6D /* Resources */,
			);
			buildRules = (
			);
			dependencies = (
				1832FC132D83039300F4EB6D /* PBXTargetDependency */,
			);
			name = DataAppUITests;
			productName = DataAppUITests;
			productReference = 1832FC112D83039300F4EB6D /* DataAppUITests.xctest */;
			productType = "com.apple.product-type.bundle.ui-testing";
		};
/* End PBXNativeTarget section */

/* Begin PBXProject section */
		1832FBEF2D83039100F4EB6D /* Project object */ = {
			isa = PBXProject;
			attributes = {
				BuildIndependentTargetsInParallel = 1;
				LastSwiftUpdateCheck = 1420;
				LastUpgradeCheck = 1420;
				TargetAttributes = {
					1832FBF62D83039100F4EB6D = {
						CreatedOnToolsVersion = 14.2;
					};
					1832FC062D83039300F4EB6D = {
						CreatedOnToolsVersion = 14.2;
						TestTargetID = 1832FBF62D83039100F4EB6D;
					};
					1832FC102D83039300F4EB6D = {
						CreatedOnToolsVersion = 14.2;
						TestTargetID = 1832FBF62D83039100F4EB6D;
					};
				};
			};
			buildConfigurationList = 1832FBF22D83039100F4EB6D /* Build configuration list for PBXProject "DataApp" */;
			compatibilityVersion = "Xcode 14.0";
			developmentRegion = en;
			hasScannedForEncodings = 0;
			knownRegions = (
				en,
				Base,
			);
			mainGroup = 1832FBEE2D83039100F4EB6D;
			productRefGroup = 1832FBF82D83039100F4EB6D /* Products */;
			projectDirPath = "";
			projectRoot = "";
			targets = (
				1832FBF62D83039100F4EB6D /* DataApp */,
				1832FC062D83039300F4EB6D /* DataAppTests */,
				1832FC102D83039300F4EB6D /* DataAppUITests */,
			);
		};
/* End PBXProject section */

/* Begin PBXResourcesBuildPhase section */
		1832FBF52D83039100F4EB6D /* Resources */ = {
			isa = PBXResourcesBuildPhase;
			buildActionMask = 2147483647;
			files = (
				1832FC022D83039300F4EB6D /* Preview Assets.xcassets in Resources */,
				1832FBFF2D83039300F4EB6D /* Assets.xcassets in Resources */,
			);
			runOnlyForDeploymentPostprocessing = 0;
		};
		1832FC052D83039300F4EB6D /* Resources */ = {
			isa = PBXResourcesBuildPhase;
			buildActionMask = 2147483647;
			files = (
			);
			runOnlyForDeploymentPostprocessing = 0;
		};
		1832FC0F2D83039300F4EB6D /* Resources */ = {
			isa = PBXResourcesBuildPhase;
			buildActionMask = 2147483647;
			files = (
			);
			runOnlyForDeploymentPostprocessing = 0;
		};
/* End PBXResourcesBuildPhase section */

/* Begin PBXSourcesBuildPhase section */
		1832FBF32D83039100F4EB6D /* Sources */ = {
			isa = PBXSourcesBuildPhase;
			buildActionMask = 2147483647;
			files = (
				1832FC262D8303CE00F4EB6D /* MyData.xcdatamodeld in Sources */,
				1832FC282D8305CE00F4EB6D /* DataController.swift in Sources */,
				1832FBFD2D83039100F4EB6D /* ContentView.swift in Sources */,
				1832FBFB2D83039100F4EB6D /* DataAppApp.swift in Sources */,
			);
			runOnlyForDeploymentPostprocessing = 0;
		};
		1832FC032D83039300F4EB6D /* Sources */ = {
			isa = PBXSourcesBuildPhase;
			buildActionMask = 2147483647;
			files = (
				1832FC0C2D83039300F4EB6D /* DataAppTests.swift in Sources */,
			);
			runOnlyForDeploymentPostprocessing = 0;
		};
		1832FC0D2D83039300F4EB6D /* Sources */ = {
			isa = PBXSourcesBuildPhase;
			buildActionMask = 2147483647;
			files = (
				1832FC182D83039300F4EB6D /* DataAppUITestsLaunchTests.swift in Sources */,
				1832FC162D83039300F4EB6D /* DataAppUITests.swift in Sources */,
			);
			runOnlyForDeploymentPostprocessing = 0;
		};
/* End PBXSourcesBuildPhase section */

/* Begin PBXTargetDependency section */
		1832FC092D83039300F4EB6D /* PBXTargetDependency */ = {
			isa = PBXTargetDependency;
			target = 1832FBF62D83039100F4EB6D /* DataApp */;
			targetProxy = 1832FC082D83039300F4EB6D /* PBXContainerItemProxy */;
		};
		1832FC132D83039300F4EB6D /* PBXTargetDependency */ = {
			isa = PBXTargetDependency;
			target = 1832FBF62D83039100F4EB6D /* DataApp */;
			targetProxy = 1832FC122D83039300F4EB6D /* PBXContainerItemProxy */;
		};
/* End PBXTargetDependency section */

/* Begin XCBuildConfiguration section */
		1832FC192D83039300F4EB6D /* Debug */ = {
			isa = XCBuildConfiguration;
			buildSettings = {
				ALWAYS_SEARCH_USER_PATHS = NO;
				CLANG_ANALYZER_NONNULL = YES;
				CLANG_ANALYZER_NUMBER_OBJECT_CONVERSION = YES_AGGRESSIVE;
				CLANG_CXX_LANGUAGE_STANDARD = "gnu++20";
				CLANG_ENABLE_MODULES = YES;
				CLANG_ENABLE_OBJC_ARC = YES;
				CLANG_ENABLE_OBJC_WEAK = YES;
				CLANG_WARN_BLOCK_CAPTURE_AUTORELEASING = YES;
				CLANG_WARN_BOOL_CONVERSION = YES;
				CLANG_WARN_COMMA = YES;
				CLANG_WARN_CONSTANT_CONVERSION = YES;
				CLANG_WARN_DEPRECATED_OBJC_IMPLEMENTATIONS = YES;
				CLANG_WARN_DIRECT_OBJC_ISA_USAGE = YES_ERROR;
				CLANG_WARN_DOCUMENTATION_COMMENTS = YES;
				CLANG_WARN_EMPTY_BODY = YES;
				CLANG_WARN_ENUM_CONVERSION = YES;
				CLANG_WARN_INFINITE_RECURSION = YES;
				CLANG_WARN_INT_CONVERSION = YES;
				CLANG_WARN_NON_LITERAL_NULL_CONVERSION = YES;
				CLANG_WARN_OBJC_IMPLICIT_RETAIN_SELF = YES;
				CLANG_WARN_OBJC_LITERAL_CONVERSION = YES;
				CLANG_WARN_OBJC_ROOT_CLASS = YES_ERROR;
				CLANG_WARN_QUOTED_INCLUDE_IN_FRAMEWORK_HEADER = YES;
				CLANG_WARN_RANGE_LOOP_ANALYSIS = YES;
				CLANG_WARN_STRICT_PROTOTYPES = YES;
				CLANG_WARN_SUSPICIOUS_MOVE = YES;
				CLANG_WARN_UNGUARDED_AVAILABILITY = YES_AGGRESSIVE;
				CLANG_WARN_UNREACHABLE_CODE = YES;
				CLANG_WARN__DUPLICATE_METHOD_MATCH = YES;
				COPY_PHASE_STRIP = NO;
				DEBUG_INFORMATION_FORMAT = dwarf;
				ENABLE_STRICT_OBJC_MSGSEND = YES;
				ENABLE_TESTABILITY = YES;
				GCC_C_LANGUAGE_STANDARD = gnu11;
				GCC_DYNAMIC_NO_PIC = NO;
				GCC_NO_COMMON_BLOCKS = YES;
				GCC_OPTIMIZATION_LEVEL = 0;
				GCC_PREPROCESSOR_DEFINITIONS = (
					"DEBUG=1",
					"$(inherited)",
				);
				GCC_WARN_64_TO_32_BIT_CONVERSION = YES;
				GCC_WARN_ABOUT_RETURN_TYPE = YES_ERROR;
				GCC_WARN_UNDECLARED_SELECTOR = YES;
				GCC_WARN_UNINITIALIZED_AUTOS = YES_AGGRESSIVE;
				GCC_WARN_UNUSED_FUNCTION = YES;
				GCC_WARN_UNUSED_VARIABLE = YES;
				IPHONEOS_DEPLOYMENT_TARGET = 16.2;
				MTL_ENABLE_DEBUG_INFO = INCLUDE_SOURCE;
				MTL_FAST_MATH = YES;
				ONLY_ACTIVE_ARCH = YES;
				SDKROOT = iphoneos;
				SWIFT_ACTIVE_COMPILATION_CONDITIONS = DEBUG;
				SWIFT_OPTIMIZATION_LEVEL = "-Onone";
			};
			name = Debug;
		};
		1832FC1A2D83039300F4EB6D /* Release */ = {
			isa = XCBuildConfiguration;
			buildSettings = {
				ALWAYS_SEARCH_USER_PATHS = NO;
				CLANG_ANALYZER_NONNULL = YES;
				CLANG_ANALYZER_NUMBER_OBJECT_CONVERSION = YES_AGGRESSIVE;
				CLANG_CXX_LANGUAGE_STANDARD = "gnu++20";
				CLANG_ENABLE_MODULES = YES;
				CLANG_ENABLE_OBJC_ARC = YES;
				CLANG_ENABLE_OBJC_WEAK = YES;
				CLANG_WARN_BLOCK_CAPTURE_AUTORELEASING = YES;
				CLANG_WARN_BOOL_CONVERSION = YES;
				CLANG_WARN_COMMA = YES;
				CLANG_WARN_CONSTANT_CONVERSION = YES;
				CLANG_WARN_DEPRECATED_OBJC_IMPLEMENTATIONS = YES;
				CLANG_WARN_DIRECT_OBJC_ISA_USAGE = YES_ERROR;
				CLANG_WARN_DOCUMENTATION_COMMENTS = YES;
				CLANG_WARN_EMPTY_BODY = YES;
				CLANG_WARN_ENUM_CONVERSION = YES;
				CLANG_WARN_INFINITE_RECURSION = YES;
				CLANG_WARN_INT_CONVERSION = YES;
				CLANG_WARN_NON_LITERAL_NULL_CONVERSION = YES;
				CLANG_WARN_OBJC_IMPLICIT_RETAIN_SELF = YES;
				CLANG_WARN_OBJC_LITERAL_CONVERSION = YES;
				CLANG_WARN_OBJC_ROOT_CLASS = YES_ERROR;
				CLANG_WARN_QUOTED_INCLUDE_IN_FRAMEWORK_HEADER = YES;
				CLANG_WARN_RANGE_LOOP_ANALYSIS = YES;
				CLANG_WARN_STRICT_PROTOTYPES = YES;
				CLANG_WARN_SUSPICIOUS_MOVE = YES;
				CLANG_WARN_UNGUARDED_AVAILABILITY = YES_AGGRESSIVE;
				CLANG_WARN_UNREACHABLE_CODE = YES;
				CLANG_WARN__DUPLICATE_METHOD_MATCH = YES;
				COPY_PHASE_STRIP = NO;
				DEBUG_INFORMATION_FORMAT = "dwarf-with-dsym";
				ENABLE_NS_ASSERTIONS = NO;
				ENABLE_STRICT_OBJC_MSGSEND = YES;
				GCC_C_LANGUAGE_STANDARD = gnu11;
				GCC_NO_COMMON_BLOCKS = YES;
				GCC_WARN_64_TO_32_BIT_CONVERSION = YES;
				GCC_WARN_ABOUT_RETURN_TYPE = YES_ERROR;
				GCC_WARN_UNDECLARED_SELECTOR = YES;
				GCC_WARN_UNINITIALIZED_AUTOS = YES_AGGRESSIVE;
				GCC_WARN_UNUSED_FUNCTION = YES;
				GCC_WARN_UNUSED_VARIABLE = YES;
				IPHONEOS_DEPLOYMENT_TARGET = 16.2;
				MTL_ENABLE_DEBUG_INFO = NO;
				MTL_FAST_MATH = YES;
				SDKROOT = iphoneos;
				SWIFT_COMPILATION_MODE = wholemodule;
				SWIFT_OPTIMIZATION_LEVEL = "-O";
				VALIDATE_PRODUCT = YES;
			};
			name = Release;
		};
		1832FC1C2D83039300F4EB6D /* Debug */ = {
			isa = XCBuildConfiguration;
			buildSettings = {
				ASSETCATALOG_COMPILER_APPICON_NAME = AppIcon;
				ASSETCATALOG_COMPILER_GLOBAL_ACCENT_COLOR_NAME = AccentColor;
				CODE_SIGN_STYLE = Automatic;
				CURRENT_PROJECT_VERSION = 1;
				DEVELOPMENT_ASSET_PATHS = "\"DataApp/Preview Content\"";
				ENABLE_PREVIEWS = YES;
				GENERATE_INFOPLIST_FILE = YES;
				INFOPLIST_KEY_UIApplicationSceneManifest_Generation = YES;
				INFOPLIST_KEY_UIApplicationSupportsIndirectInputEvents = YES;
				INFOPLIST_KEY_UILaunchScreen_Generation = YES;
				INFOPLIST_KEY_UISupportedInterfaceOrientations_iPad = "UIInterfaceOrientationPortrait UIInterfaceOrientationPortraitUpsideDown UIInterfaceOrientationLandscapeLeft UIInterfaceOrientationLandscapeRight";
				INFOPLIST_KEY_UISupportedInterfaceOrientations_iPhone = "UIInterfaceOrientationPortrait UIInterfaceOrientationLandscapeLeft UIInterfaceOrientationLandscapeRight";
				LD_RUNPATH_SEARCH_PATHS = (
					"$(inherited)",
					"@executable_path/Frameworks",
				);
				MARKETING_VERSION = 1.0;
				PRODUCT_BUNDLE_IDENTIFIER = ca.georgebrown.comp3097.DataApp;
				PRODUCT_NAME = "$(TARGET_NAME)";
				SWIFT_EMIT_LOC_STRINGS = YES;
				SWIFT_VERSION = 5.0;
				TARGETED_DEVICE_FAMILY = "1,2";
			};
			name = Debug;
		};
		1832FC1D2D83039300F4EB6D /* Release */ = {
			isa = XCBuildConfiguration;
			buildSettings = {
				ASSETCATALOG_COMPILER_APPICON_NAME = AppIcon;
				ASSETCATALOG_COMPILER_GLOBAL_ACCENT_COLOR_NAME = AccentColor;
				CODE_SIGN_STYLE = Automatic;
				CURRENT_PROJECT_VERSION = 1;
				DEVELOPMENT_ASSET_PATHS = "\"DataApp/Preview Content\"";
				ENABLE_PREVIEWS = YES;
				GENERATE_INFOPLIST_FILE = YES;
				INFOPLIST_KEY_UIApplicationSceneManifest_Generation = YES;
				INFOPLIST_KEY_UIApplicationSupportsIndirectInputEvents = YES;
				INFOPLIST_KEY_UILaunchScreen_Generation = YES;
				INFOPLIST_KEY_UISupportedInterfaceOrientations_iPad = "UIInterfaceOrientationPortrait UIInterfaceOrientationPortraitUpsideDown UIInterfaceOrientationLandscapeLeft UIInterfaceOrientationLandscapeRight";
				INFOPLIST_KEY_UISupportedInterfaceOrientations_iPhone = "UIInterfaceOrientationPortrait UIInterfaceOrientationLandscapeLeft UIInterfaceOrientationLandscapeRight";
				LD_RUNPATH_SEARCH_PATHS = (
					"$(inherited)",
					"@executable_path/Frameworks",
				);
				MARKETING_VERSION = 1.0;
				PRODUCT_BUNDLE_IDENTIFIER = ca.georgebrown.comp3097.DataApp;
				PRODUCT_NAME = "$(TARGET_NAME)";
				SWIFT_EMIT_LOC_STRINGS = YES;
				SWIFT_VERSION = 5.0;
				TARGETED_DEVICE_FAMILY = "1,2";
			};
			name = Release;
		};
		1832FC1F2D83039300F4EB6D /* Debug */ = {
			isa = XCBuildConfiguration;
			buildSettings = {
				ALWAYS_EMBED_SWIFT_STANDARD_LIBRARIES = YES;
				BUNDLE_LOADER = "$(TEST_HOST)";
				CODE_SIGN_STYLE = Automatic;
				CURRENT_PROJECT_VERSION = 1;
				GENERATE_INFOPLIST_FILE = YES;
				IPHONEOS_DEPLOYMENT_TARGET = 16.2;
				MARKETING_VERSION = 1.0;
				PRODUCT_BUNDLE_IDENTIFIER = ca.georgebrown.comp3097.DataAppTests;
				PRODUCT_NAME = "$(TARGET_NAME)";
				SWIFT_EMIT_LOC_STRINGS = NO;
				SWIFT_VERSION = 5.0;
				TARGETED_DEVICE_FAMILY = "1,2";
				TEST_HOST = "$(BUILT_PRODUCTS_DIR)/DataApp.app/$(BUNDLE_EXECUTABLE_FOLDER_PATH)/DataApp";
			};
			name = Debug;
		};
		1832FC202D83039300F4EB6D /* Release */ = {
			isa = XCBuildConfiguration;
			buildSettings = {
				ALWAYS_EMBED_SWIFT_STANDARD_LIBRARIES = YES;
				BUNDLE_LOADER = "$(TEST_HOST)";
				CODE_SIGN_STYLE = Automatic;
				CURRENT_PROJECT_VERSION = 1;
				GENERATE_INFOPLIST_FILE = YES;
				IPHONEOS_DEPLOYMENT_TARGET = 16.2;
				MARKETING_VERSION = 1.0;
				PRODUCT_BUNDLE_IDENTIFIER = ca.georgebrown.comp3097.DataAppTests;
				PRODUCT_NAME = "$(TARGET_NAME)";
				SWIFT_EMIT_LOC_STRINGS = NO;
				SWIFT_VERSION = 5.0;
				TARGETED_DEVICE_FAMILY = "1,2";
				TEST_HOST = "$(BUILT_PRODUCTS_DIR)/DataApp.app/$(BUNDLE_EXECUTABLE_FOLDER_PATH)/DataApp";
			};
			name = Release;
		};
		1832FC222D83039300F4EB6D /* Debug */ = {
			isa = XCBuildConfiguration;
			buildSettings = {
				ALWAYS_EMBED_SWIFT_STANDARD_LIBRARIES = YES;
				CODE_SIGN_STYLE = Automatic;
				CURRENT_PROJECT_VERSION = 1;
				GENERATE_INFOPLIST_FILE = YES;
				MARKETING_VERSION = 1.0;
				PRODUCT_BUNDLE_IDENTIFIER = ca.georgebrown.comp3097.DataAppUITests;
				PRODUCT_NAME = "$(TARGET_NAME)";
				SWIFT_EMIT_LOC_STRINGS = NO;
				SWIFT_VERSION = 5.0;
				TARGETED_DEVICE_FAMILY = "1,2";
				TEST_TARGET_NAME = DataApp;
			};
			name = Debug;
		};
		1832FC232D83039300F4EB6D /* Release */ = {
			isa = XCBuildConfiguration;
			buildSettings = {
				ALWAYS_EMBED_SWIFT_STANDARD_LIBRARIES = YES;
				CODE_SIGN_STYLE = Automatic;
				CURRENT_PROJECT_VERSION = 1;
				GENERATE_INFOPLIST_FILE = YES;
				MARKETING_VERSION = 1.0;
				PRODUCT_BUNDLE_IDENTIFIER = ca.georgebrown.comp3097.DataAppUITests;
				PRODUCT_NAME = "$(TARGET_NAME)";
				SWIFT_EMIT_LOC_STRINGS = NO;
				SWIFT_VERSION = 5.0;
				TARGETED_DEVICE_FAMILY = "1,2";
				TEST_TARGET_NAME = DataApp;
			};
			name = Release;
		};
/* End XCBuildConfiguration section */

/* Begin XCConfigurationList section */
		1832FBF22D83039100F4EB6D /* Build configuration list for PBXProject "DataApp" */ = {
			isa = XCConfigurationList;
			buildConfigurations = (
				1832FC192D83039300F4EB6D /* Debug */,
				1832FC1A2D83039300F4EB6D /* Release */,
			);
			defaultConfigurationIsVisible = 0;
			defaultConfigurationName = Release;
		};
		1832FC1B2D83039300F4EB6D /* Build configuration list for PBXNativeTarget "DataApp" */ = {
			isa = XCConfigurationList;
			buildConfigurations = (
				1832FC1C2D83039300F4EB6D /* Debug */,
				1832FC1D2D83039300F4EB6D /* Release */,
			);
			defaultConfigurationIsVisible = 0;
			defaultConfigurationName = Release;
		};
		1832FC1E2D83039300F4EB6D /* Build configuration list for PBXNativeTarget "DataAppTests" */ = {
			isa = XCConfigurationList;
			buildConfigurations = (
				1832FC1F2D83039300F4EB6D /* Debug */,
				1832FC202D83039300F4EB6D /* Release */,
			);
			defaultConfigurationIsVisible = 0;
			defaultConfigurationName = Release;
		};
		1832FC212D83039300F4EB6D /* Build configuration list for PBXNativeTarget "DataAppUITests" */ = {
			isa = XCConfigurationList;
			buildConfigurations = (
				1832FC222D83039300F4EB6D /* Debug */,
				1832FC232D83039300F4EB6D /* Release */,
			);
			defaultConfigurationIsVisible = 0;
			defaultConfigurationName = Release;
		};
/* End XCConfigurationList section */

/* Begin XCVersionGroup section */
		1832FC242D8303CE00F4EB6D /* MyData.xcdatamodeld */ = {
			isa = XCVersionGroup;
			children = (
				1832FC252D8303CE00F4EB6D /* MyData.xcdatamodel */,
			);
			currentVersion = 1832FC252D8303CE00F4EB6D /* MyData.xcdatamodel */;
			path = MyData.xcdatamodeld;
			sourceTree = "<group>";
			versionGroupType = wrapper.xcdatamodel;
		};
/* End XCVersionGroup section */
	};
	rootObject = 1832FBEF2D83039100F4EB6D /* Project object */;
}
